<?xml version="1.0" encoding="utf-8"?>
<Project ToolsVersion="4.0" xmlns="http://schemas.microsoft.com/developer/msbuild/2003">
  <ItemGroup>
    <Filter Include="Sources">
      <UniqueIdentifier>{8b7ed093-66ce-4096-96d2-fbb9faa4bf52}</UniqueIdentifier>
    </Filter>
    <Filter Include="Sources\Modules">
      <UniqueIdentifier>{7b418be2-1631-4a31-9ef2-8a8b234a7339}</UniqueIdentifier>
    </Filter>
    <Filter Include="Sources\Containers">
      <UniqueIdentifier>{afc36133-f401-499a-aa33-0da1e500fb52}</UniqueIdentifier>
    </Filter>
    <Filter Include="Sources\Tools">
      <UniqueIdentifier>{7e4dfaf7-022c-4f7d-92aa-f3b3fa9d6248}</UniqueIdentifier>
    </Filter>
    <Filter Include="Sources\Helpers">
      <UniqueIdentifier>{121f8e6b-df36-4ab0-be0d-601ddfc9e503}</UniqueIdentifier>
    </Filter>
    <Filter Include="Externals">
      <UniqueIdentifier>{4f29327d-0e21-4956-9f87-dabefda99222}</UniqueIdentifier>
    </Filter>
    <Filter Include="Externals\MathGeoLib">
      <UniqueIdentifier>{6ea76a34-6773-48ca-9549-9d577a5fa296}</UniqueIdentifier>
    </Filter>
    <Filter Include="Externals\MathGeoLib\Geometry">
      <UniqueIdentifier>{4147b4a8-944d-4709-9472-487fe3a4158e}</UniqueIdentifier>
    </Filter>
    <Filter Include="Externals\MathGeoLib\Algorithm">
      <UniqueIdentifier>{3a6129ff-2ac3-43a8-a55f-13646d6fe513}</UniqueIdentifier>
    </Filter>
    <Filter Include="Externals\MathGeoLib\Algorithm\Random">
      <UniqueIdentifier>{fab3c220-35ca-45b8-a0e0-fc6bbd2bf19d}</UniqueIdentifier>
    </Filter>
    <Filter Include="Externals\MathGeoLib\Math">
      <UniqueIdentifier>{17dd7ecd-6265-4912-beb0-af8c9268cf20}</UniqueIdentifier>
    </Filter>
    <Filter Include="Externals\MathGeoLib\Time">
      <UniqueIdentifier>{1d07a7ae-7541-4ebe-8134-5a5b5b6088ca}</UniqueIdentifier>
    </Filter>
    <Filter Include="Externals\mmgr">
      <UniqueIdentifier>{f9e77437-91ee-45e4-a1e6-8ea8488cb112}</UniqueIdentifier>
    </Filter>
    <Filter Include="Externals\ImGui">
      <UniqueIdentifier>{06d3c041-e72b-48b5-b74b-3ed3e05fe28c}</UniqueIdentifier>
    </Filter>
    <Filter Include="Externals\ImGui\Backends">
      <UniqueIdentifier>{ef221697-005d-465b-8fa9-041b5cc3b1c9}</UniqueIdentifier>
    </Filter>
    <Filter Include="Externals\Parson">
      <UniqueIdentifier>{74394d1f-dae3-402c-88df-051bc8e002f4}</UniqueIdentifier>
    </Filter>
    <Filter Include="Sources\Components">
      <UniqueIdentifier>{3219ec34-fec9-4334-98a4-79340fc62540}</UniqueIdentifier>
    </Filter>
    <Filter Include="Sources\Components\ComponentsType">
      <UniqueIdentifier>{2435f044-79e6-4a9d-a61c-ee348151e4d8}</UniqueIdentifier>
    </Filter>
    <Filter Include="Sources\Importers">
      <UniqueIdentifier>{046951a4-bfe3-4543-8a1f-a638cde93a1f}</UniqueIdentifier>
    </Filter>
    <Filter Include="Sources\Importers\Aasimp">
      <UniqueIdentifier>{838e75cd-541f-465b-b235-abf47587e54a}</UniqueIdentifier>
    </Filter>
  </ItemGroup>
  <ItemGroup>
    <ClInclude Include="Module.h">
      <Filter>Sources\Modules</Filter>
    </ClInclude>
    <ClInclude Include="ModuleCamera3D.h">
      <Filter>Sources\Modules</Filter>
    </ClInclude>
    <ClInclude Include="ModuleInput.h">
      <Filter>Sources\Modules</Filter>
    </ClInclude>
    <ClInclude Include="ModuleRenderer3D.h">
      <Filter>Sources\Modules</Filter>
    </ClInclude>
    <ClInclude Include="ModuleWindow.h">
      <Filter>Sources\Modules</Filter>
    </ClInclude>
    <ClInclude Include="Application.h">
      <Filter>Sources</Filter>
    </ClInclude>
    <ClInclude Include="Globals.h">
      <Filter>Sources</Filter>
    </ClInclude>
    <ClInclude Include="Primitive.h">
      <Filter>Sources\Helpers</Filter>
    </ClInclude>
    <ClInclude Include="Color.h">
      <Filter>Sources\Containers</Filter>
    </ClInclude>
    <ClInclude Include="Light.h">
      <Filter>Sources\Helpers</Filter>
    </ClInclude>
    <ClInclude Include="Timer.h">
      <Filter>Sources\Tools</Filter>
    </ClInclude>
    <ClInclude Include="MathGeoLib\include\MathBuildConfig.h">
      <Filter>Externals\MathGeoLib</Filter>
    </ClInclude>
    <ClInclude Include="MathGeoLib\include\MathGeoLib.h">
      <Filter>Externals\MathGeoLib</Filter>
    </ClInclude>
    <ClInclude Include="MathGeoLib\include\MathGeoLibFwd.h">
      <Filter>Externals\MathGeoLib</Filter>
    </ClInclude>
    <ClInclude Include="MathGeoLib\include\Geometry\AABB.h">
      <Filter>Externals\MathGeoLib\Geometry</Filter>
    </ClInclude>
    <ClInclude Include="MathGeoLib\include\Geometry\AABB2D.h">
      <Filter>Externals\MathGeoLib\Geometry</Filter>
    </ClInclude>
    <ClInclude Include="MathGeoLib\include\Geometry\Capsule.h">
      <Filter>Externals\MathGeoLib\Geometry</Filter>
    </ClInclude>
    <ClInclude Include="MathGeoLib\include\Geometry\Circle.h">
      <Filter>Externals\MathGeoLib\Geometry</Filter>
    </ClInclude>
    <ClInclude Include="MathGeoLib\include\Geometry\Cone.h">
      <Filter>Externals\MathGeoLib\Geometry</Filter>
    </ClInclude>
    <ClInclude Include="MathGeoLib\include\Geometry\Cylinder.h">
      <Filter>Externals\MathGeoLib\Geometry</Filter>
    </ClInclude>
    <ClInclude Include="MathGeoLib\include\Geometry\Frustum.h">
      <Filter>Externals\MathGeoLib\Geometry</Filter>
    </ClInclude>
    <ClInclude Include="MathGeoLib\include\Geometry\GeometryAll.h">
      <Filter>Externals\MathGeoLib\Geometry</Filter>
    </ClInclude>
    <ClInclude Include="MathGeoLib\include\Geometry\GeomType.h">
      <Filter>Externals\MathGeoLib\Geometry</Filter>
    </ClInclude>
    <ClInclude Include="MathGeoLib\include\Geometry\HitInfo.h">
      <Filter>Externals\MathGeoLib\Geometry</Filter>
    </ClInclude>
    <ClInclude Include="MathGeoLib\include\Geometry\KDTree.h">
      <Filter>Externals\MathGeoLib\Geometry</Filter>
    </ClInclude>
    <ClInclude Include="MathGeoLib\include\Geometry\Line.h">
      <Filter>Externals\MathGeoLib\Geometry</Filter>
    </ClInclude>
    <ClInclude Include="MathGeoLib\include\Geometry\LineSegment.h">
      <Filter>Externals\MathGeoLib\Geometry</Filter>
    </ClInclude>
    <ClInclude Include="MathGeoLib\include\Geometry\OBB.h">
      <Filter>Externals\MathGeoLib\Geometry</Filter>
    </ClInclude>
    <ClInclude Include="MathGeoLib\include\Geometry\PBVolume.h">
      <Filter>Externals\MathGeoLib\Geometry</Filter>
    </ClInclude>
    <ClInclude Include="MathGeoLib\include\Geometry\Plane.h">
      <Filter>Externals\MathGeoLib\Geometry</Filter>
    </ClInclude>
    <ClInclude Include="MathGeoLib\include\Geometry\Polygon.h">
      <Filter>Externals\MathGeoLib\Geometry</Filter>
    </ClInclude>
    <ClInclude Include="MathGeoLib\include\Geometry\Polyhedron.h">
      <Filter>Externals\MathGeoLib\Geometry</Filter>
    </ClInclude>
    <ClInclude Include="MathGeoLib\include\Geometry\QuadTree.h">
      <Filter>Externals\MathGeoLib\Geometry</Filter>
    </ClInclude>
    <ClInclude Include="MathGeoLib\include\Geometry\Ray.h">
      <Filter>Externals\MathGeoLib\Geometry</Filter>
    </ClInclude>
    <ClInclude Include="MathGeoLib\include\Geometry\Sphere.h">
      <Filter>Externals\MathGeoLib\Geometry</Filter>
    </ClInclude>
    <ClInclude Include="MathGeoLib\include\Geometry\Triangle.h">
      <Filter>Externals\MathGeoLib\Geometry</Filter>
    </ClInclude>
    <ClInclude Include="MathGeoLib\include\Geometry\TriangleMesh.h">
      <Filter>Externals\MathGeoLib\Geometry</Filter>
    </ClInclude>
    <ClInclude Include="MathGeoLib\include\Algorithm\Random\LCG.h">
      <Filter>Externals\MathGeoLib\Algorithm\Random</Filter>
    </ClInclude>
    <ClInclude Include="MathGeoLib\include\Math\TransformOps.h">
      <Filter>Externals\MathGeoLib\Math</Filter>
    </ClInclude>
    <ClInclude Include="MathGeoLib\include\Math\assume.h">
      <Filter>Externals\MathGeoLib\Math</Filter>
    </ClInclude>
    <ClInclude Include="MathGeoLib\include\Math\BitOps.h">
      <Filter>Externals\MathGeoLib\Math</Filter>
    </ClInclude>
    <ClInclude Include="MathGeoLib\include\Math\Complex.h">
      <Filter>Externals\MathGeoLib\Math</Filter>
    </ClInclude>
    <ClInclude Include="MathGeoLib\include\Math\CoordinateAxisConvention.h">
      <Filter>Externals\MathGeoLib\Math</Filter>
    </ClInclude>
    <ClInclude Include="MathGeoLib\include\Math\FixedPoint.h">
      <Filter>Externals\MathGeoLib\Math</Filter>
    </ClInclude>
    <ClInclude Include="MathGeoLib\include\Math\float2.h">
      <Filter>Externals\MathGeoLib\Math</Filter>
    </ClInclude>
    <ClInclude Include="MathGeoLib\include\Math\float3.h">
      <Filter>Externals\MathGeoLib\Math</Filter>
    </ClInclude>
    <ClInclude Include="MathGeoLib\include\Math\float3x3.h">
      <Filter>Externals\MathGeoLib\Math</Filter>
    </ClInclude>
    <ClInclude Include="MathGeoLib\include\Math\float3x4.h">
      <Filter>Externals\MathGeoLib\Math</Filter>
    </ClInclude>
    <ClInclude Include="MathGeoLib\include\Math\float4.h">
      <Filter>Externals\MathGeoLib\Math</Filter>
    </ClInclude>
    <ClInclude Include="MathGeoLib\include\Math\float4_neon.h">
      <Filter>Externals\MathGeoLib\Math</Filter>
    </ClInclude>
    <ClInclude Include="MathGeoLib\include\Math\float4_sse.h">
      <Filter>Externals\MathGeoLib\Math</Filter>
    </ClInclude>
    <ClInclude Include="MathGeoLib\include\Math\float4x4.h">
      <Filter>Externals\MathGeoLib\Math</Filter>
    </ClInclude>
    <ClInclude Include="MathGeoLib\include\Math\float4x4_neon.h">
      <Filter>Externals\MathGeoLib\Math</Filter>
    </ClInclude>
    <ClInclude Include="MathGeoLib\include\Math\float4x4_sse.h">
      <Filter>Externals\MathGeoLib\Math</Filter>
    </ClInclude>
    <ClInclude Include="MathGeoLib\include\Math\FloatCmp.h">
      <Filter>Externals\MathGeoLib\Math</Filter>
    </ClInclude>
    <ClInclude Include="MathGeoLib\include\Math\MathAll.h">
      <Filter>Externals\MathGeoLib\Math</Filter>
    </ClInclude>
    <ClInclude Include="MathGeoLib\include\Math\MathConstants.h">
      <Filter>Externals\MathGeoLib\Math</Filter>
    </ClInclude>
    <ClInclude Include="MathGeoLib\include\Math\MathFunc.h">
      <Filter>Externals\MathGeoLib\Math</Filter>
    </ClInclude>
    <ClInclude Include="MathGeoLib\include\Math\MathLog.h">
      <Filter>Externals\MathGeoLib\Math</Filter>
    </ClInclude>
    <ClInclude Include="MathGeoLib\include\Math\MathNamespace.h">
      <Filter>Externals\MathGeoLib\Math</Filter>
    </ClInclude>
    <ClInclude Include="MathGeoLib\include\Math\MathTypes.h">
      <Filter>Externals\MathGeoLib\Math</Filter>
    </ClInclude>
    <ClInclude Include="MathGeoLib\include\Math\MatrixProxy.h">
      <Filter>Externals\MathGeoLib\Math</Filter>
    </ClInclude>
    <ClInclude Include="MathGeoLib\include\Math\myassert.h">
      <Filter>Externals\MathGeoLib\Math</Filter>
    </ClInclude>
    <ClInclude Include="MathGeoLib\include\Math\Polynomial.h">
      <Filter>Externals\MathGeoLib\Math</Filter>
    </ClInclude>
    <ClInclude Include="MathGeoLib\include\Math\Quat.h">
      <Filter>Externals\MathGeoLib\Math</Filter>
    </ClInclude>
    <ClInclude Include="MathGeoLib\include\Math\quat_simd.h">
      <Filter>Externals\MathGeoLib\Math</Filter>
    </ClInclude>
    <ClInclude Include="MathGeoLib\include\Math\Rect.h">
      <Filter>Externals\MathGeoLib\Math</Filter>
    </ClInclude>
    <ClInclude Include="MathGeoLib\include\Math\Reinterpret.h">
      <Filter>Externals\MathGeoLib\Math</Filter>
    </ClInclude>
    <ClInclude Include="MathGeoLib\include\Math\sse_mathfun.h">
      <Filter>Externals\MathGeoLib\Math</Filter>
    </ClInclude>
    <ClInclude Include="MathGeoLib\include\Math\SSEMath.h">
      <Filter>Externals\MathGeoLib\Math</Filter>
    </ClInclude>
    <ClInclude Include="MathGeoLib\include\Time\Clock.h">
      <Filter>Externals\MathGeoLib\Time</Filter>
    </ClInclude>
    <ClInclude Include="glmath.h">
      <Filter>Externals</Filter>
    </ClInclude>
    <ClInclude Include="mmgr\mmgr.h">
      <Filter>Externals\mmgr</Filter>
    </ClInclude>
    <ClInclude Include="mmgr\nommgr.h">
      <Filter>Externals\mmgr</Filter>
    </ClInclude>
    <ClInclude Include="imGui\imconfig.h">
      <Filter>Externals\ImGui</Filter>
    </ClInclude>
    <ClInclude Include="imGui\imgui.h">
      <Filter>Externals\ImGui</Filter>
    </ClInclude>
    <ClInclude Include="imGui\imgui_internal.h">
      <Filter>Externals\ImGui</Filter>
    </ClInclude>
    <ClInclude Include="imGui\imstb_rectpack.h">
      <Filter>Externals\ImGui</Filter>
    </ClInclude>
    <ClInclude Include="imGui\imstb_textedit.h">
      <Filter>Externals\ImGui</Filter>
    </ClInclude>
    <ClInclude Include="imGui\imstb_truetype.h">
      <Filter>Externals\ImGui</Filter>
    </ClInclude>
    <ClInclude Include="imGui\backends\imgui_impl_opengl3.h">
      <Filter>Externals\ImGui\Backends</Filter>
    </ClInclude>
    <ClInclude Include="imGui\backends\imgui_impl_opengl3_loader.h">
      <Filter>Externals\ImGui\Backends</Filter>
    </ClInclude>
    <ClInclude Include="imGui\backends\imgui_impl_sdl2.h">
      <Filter>Externals\ImGui\Backends</Filter>
    </ClInclude>
    <ClInclude Include="imGui\backends\imgui_impl_sdlrenderer2.h">
      <Filter>Externals\ImGui\Backends</Filter>
    </ClInclude>
    <ClInclude Include="ModuleEditor.h">
      <Filter>Sources\Modules</Filter>
    </ClInclude>
    <ClInclude Include="parson-master\parson.h">
      <Filter>Externals\Parson</Filter>
    </ClInclude>
    <ClInclude Include="aasimp.h">
      <Filter>Sources\Importers\Aasimp</Filter>
    </ClInclude>
    <ClInclude Include="ModuleScene.h">
      <Filter>Sources\Modules</Filter>
    </ClInclude>
    <ClInclude Include="GameObject.h">
      <Filter>Sources\Components</Filter>
    </ClInclude>
    <ClInclude Include="Component.h">
      <Filter>Sources\Components</Filter>
    </ClInclude>
    <ClInclude Include="ComponentMaterial.h">
      <Filter>Sources\Components\ComponentsType</Filter>
    </ClInclude>
    <ClInclude Include="ComponentTransform.h">
      <Filter>Sources\Components\ComponentsType</Filter>
    </ClInclude>
    <ClInclude Include="ComponentMesh.h">
      <Filter>Sources\Components\ComponentsType</Filter>
    </ClInclude>
    <ClInclude Include="Importer.h">
      <Filter>Sources\Importers</Filter>
    </ClInclude>
    <ClInclude Include="ModuleFileSystem.h">
      <Filter>Sources\Modules</Filter>
    </ClInclude>
  </ItemGroup>
  <ItemGroup>
    <ClCompile Include="ModuleCamera3D.cpp">
      <Filter>Sources\Modules</Filter>
    </ClCompile>
    <ClCompile Include="ModuleInput.cpp">
      <Filter>Sources\Modules</Filter>
    </ClCompile>
    <ClCompile Include="ModuleRenderer3D.cpp">
      <Filter>Sources\Modules</Filter>
    </ClCompile>
    <ClCompile Include="ModuleWindow.cpp">
      <Filter>Sources\Modules</Filter>
    </ClCompile>
    <ClCompile Include="log.cpp">
      <Filter>Sources\Tools</Filter>
    </ClCompile>
    <ClCompile Include="Timer.cpp">
      <Filter>Sources\Tools</Filter>
    </ClCompile>
    <ClCompile Include="Application.cpp">
      <Filter>Sources</Filter>
    </ClCompile>
    <ClCompile Include="Main.cpp">
      <Filter>Sources</Filter>
    </ClCompile>
    <ClCompile Include="Primitive.cpp">
      <Filter>Sources\Helpers</Filter>
    </ClCompile>
    <ClCompile Include="Color.cpp">
      <Filter>Sources\Containers</Filter>
    </ClCompile>
    <ClCompile Include="Light.cpp">
      <Filter>Sources\Helpers</Filter>
    </ClCompile>
    <ClCompile Include="MathGeoLib\include\Geometry\AABB.cpp">
      <Filter>Externals\MathGeoLib\Geometry</Filter>
    </ClCompile>
    <ClCompile Include="MathGeoLib\include\Geometry\Capsule.cpp">
      <Filter>Externals\MathGeoLib\Geometry</Filter>
    </ClCompile>
    <ClCompile Include="MathGeoLib\include\Geometry\Circle.cpp">
      <Filter>Externals\MathGeoLib\Geometry</Filter>
    </ClCompile>
    <ClCompile Include="MathGeoLib\include\Geometry\Cone.cpp">
      <Filter>Externals\MathGeoLib\Geometry</Filter>
    </ClCompile>
    <ClCompile Include="MathGeoLib\include\Geometry\Cylinder.cpp">
      <Filter>Externals\MathGeoLib\Geometry</Filter>
    </ClCompile>
    <ClCompile Include="MathGeoLib\include\Geometry\Frustum.cpp">
      <Filter>Externals\MathGeoLib\Geometry</Filter>
    </ClCompile>
    <ClCompile Include="MathGeoLib\include\Geometry\Line.cpp">
      <Filter>Externals\MathGeoLib\Geometry</Filter>
    </ClCompile>
    <ClCompile Include="MathGeoLib\include\Geometry\LineSegment.cpp">
      <Filter>Externals\MathGeoLib\Geometry</Filter>
    </ClCompile>
    <ClCompile Include="MathGeoLib\include\Geometry\OBB.cpp">
      <Filter>Externals\MathGeoLib\Geometry</Filter>
    </ClCompile>
    <ClCompile Include="MathGeoLib\include\Geometry\Plane.cpp">
      <Filter>Externals\MathGeoLib\Geometry</Filter>
    </ClCompile>
    <ClCompile Include="MathGeoLib\include\Geometry\Polygon.cpp">
      <Filter>Externals\MathGeoLib\Geometry</Filter>
    </ClCompile>
    <ClCompile Include="MathGeoLib\include\Geometry\Polyhedron.cpp">
      <Filter>Externals\MathGeoLib\Geometry</Filter>
    </ClCompile>
    <ClCompile Include="MathGeoLib\include\Geometry\Ray.cpp">
      <Filter>Externals\MathGeoLib\Geometry</Filter>
    </ClCompile>
    <ClCompile Include="MathGeoLib\include\Geometry\Sphere.cpp">
      <Filter>Externals\MathGeoLib\Geometry</Filter>
    </ClCompile>
    <ClCompile Include="MathGeoLib\include\Geometry\Triangle.cpp">
      <Filter>Externals\MathGeoLib\Geometry</Filter>
    </ClCompile>
    <ClCompile Include="MathGeoLib\include\Geometry\TriangleMesh.cpp">
      <Filter>Externals\MathGeoLib\Geometry</Filter>
    </ClCompile>
    <ClCompile Include="MathGeoLib\include\Algorithm\Random\LCG.cpp">
      <Filter>Externals\MathGeoLib\Algorithm\Random</Filter>
    </ClCompile>
    <ClCompile Include="MathGeoLib\include\Math\BitOps.cpp">
      <Filter>Externals\MathGeoLib\Math</Filter>
    </ClCompile>
    <ClCompile Include="MathGeoLib\include\Math\float2.cpp">
      <Filter>Externals\MathGeoLib\Math</Filter>
    </ClCompile>
    <ClCompile Include="MathGeoLib\include\Math\float3.cpp">
      <Filter>Externals\MathGeoLib\Math</Filter>
    </ClCompile>
    <ClCompile Include="MathGeoLib\include\Math\float3x3.cpp">
      <Filter>Externals\MathGeoLib\Math</Filter>
    </ClCompile>
    <ClCompile Include="MathGeoLib\include\Math\float3x4.cpp">
      <Filter>Externals\MathGeoLib\Math</Filter>
    </ClCompile>
    <ClCompile Include="MathGeoLib\include\Math\float4.cpp">
      <Filter>Externals\MathGeoLib\Math</Filter>
    </ClCompile>
    <ClCompile Include="MathGeoLib\include\Math\float4x4.cpp">
      <Filter>Externals\MathGeoLib\Math</Filter>
    </ClCompile>
    <ClCompile Include="MathGeoLib\include\Math\MathFunc.cpp">
      <Filter>Externals\MathGeoLib\Math</Filter>
    </ClCompile>
    <ClCompile Include="MathGeoLib\include\Math\MathLog.cpp">
      <Filter>Externals\MathGeoLib\Math</Filter>
    </ClCompile>
    <ClCompile Include="MathGeoLib\include\Math\MathOps.cpp">
      <Filter>Externals\MathGeoLib\Math</Filter>
    </ClCompile>
    <ClCompile Include="MathGeoLib\include\Math\Polynomial.cpp">
      <Filter>Externals\MathGeoLib\Math</Filter>
    </ClCompile>
    <ClCompile Include="MathGeoLib\include\Math\Quat.cpp">
      <Filter>Externals\MathGeoLib\Math</Filter>
    </ClCompile>
    <ClCompile Include="MathGeoLib\include\Math\SSEMath.cpp">
      <Filter>Externals\MathGeoLib\Math</Filter>
    </ClCompile>
    <ClCompile Include="MathGeoLib\include\Math\TransformOps.cpp">
      <Filter>Externals\MathGeoLib\Math</Filter>
    </ClCompile>
    <ClCompile Include="MathGeoLib\include\Time\Clock.cpp">
      <Filter>Externals\MathGeoLib\Time</Filter>
    </ClCompile>
    <ClCompile Include="glmath.cpp">
      <Filter>Externals</Filter>
    </ClCompile>
    <ClCompile Include="mmgr\mmgr.cpp">
      <Filter>Externals\mmgr</Filter>
    </ClCompile>
    <ClCompile Include="imGui\imgui.cpp">
      <Filter>Externals\ImGui</Filter>
    </ClCompile>
    <ClCompile Include="imGui\imgui_demo.cpp">
      <Filter>Externals\ImGui</Filter>
    </ClCompile>
    <ClCompile Include="imGui\imgui_draw.cpp">
      <Filter>Externals\ImGui</Filter>
    </ClCompile>
    <ClCompile Include="imGui\imgui_tables.cpp">
      <Filter>Externals\ImGui</Filter>
    </ClCompile>
    <ClCompile Include="imGui\imgui_widgets.cpp">
      <Filter>Externals\ImGui</Filter>
    </ClCompile>
    <ClCompile Include="imGui\backends\imgui_impl_opengl3.cpp">
      <Filter>Externals\ImGui\Backends</Filter>
    </ClCompile>
    <ClCompile Include="imGui\backends\imgui_impl_sdl2.cpp">
      <Filter>Externals\ImGui\Backends</Filter>
    </ClCompile>
    <ClCompile Include="imGui\backends\imgui_impl_sdlrenderer2.cpp">
      <Filter>Externals\ImGui\Backends</Filter>
    </ClCompile>
    <ClCompile Include="ModuleEditor.cpp">
      <Filter>Sources\Modules</Filter>
    </ClCompile>
    <ClCompile Include="parson-master\parson.c">
      <Filter>Externals\Parson</Filter>
    </ClCompile>
    <ClCompile Include="aasimp.cpp">
      <Filter>Sources\Importers\Aasimp</Filter>
    </ClCompile>
    <ClCompile Include="ModuleScene.cpp">
      <Filter>Sources\Modules</Filter>
    </ClCompile>
    <ClCompile Include="GameObject.cpp">
      <Filter>Sources\Components</Filter>
    </ClCompile>
    <ClCompile Include="Component.cpp">
      <Filter>Sources\Components</Filter>
    </ClCompile>
    <ClCompile Include="ComponentMaterial.cpp">
      <Filter>Sources\Components\ComponentsType</Filter>
    </ClCompile>
    <ClCompile Include="ComponentTransform.cpp">
      <Filter>Sources\Components\ComponentsType</Filter>
    </ClCompile>
    <ClCompile Include="ComponentMesh.cpp">
      <Filter>Sources\Components\ComponentsType</Filter>
    </ClCompile>
    <ClCompile Include="Importer.cpp">
      <Filter>Sources\Importers</Filter>
    </ClCompile>
    <ClCompile Include="ModuleFileSystem.cpp">
      <Filter>Sources\Modules</Filter>
    </ClCompile>
  </ItemGroup>
  <ItemGroup>
    <None Include="MathGeoLib\include\Geometry\KDTree.inl">
      <Filter>Externals\MathGeoLib\Geometry</Filter>
    </None>
    <None Include="MathGeoLib\include\Geometry\QuadTree.inl">
      <Filter>Externals\MathGeoLib\Geometry</Filter>
    </None>
    <None Include="MathGeoLib\include\Geometry\TriangleMesh_IntersectRay_AVX.inl">
      <Filter>Externals\MathGeoLib\Geometry</Filter>
    </None>
    <None Include="MathGeoLib\include\Geometry\TriangleMesh_IntersectRay_CPP.inl">
      <Filter>Externals\MathGeoLib\Geometry</Filter>
    </None>
    <None Include="MathGeoLib\include\Geometry\TriangleMesh_IntersectRay_SSE.inl">
      <Filter>Externals\MathGeoLib\Geometry</Filter>
    </None>
    <None Include="MathGeoLib\include\Math\Matrix.inl">
      <Filter>Externals\MathGeoLib\Math</Filter>
    </None>
  </ItemGroup>
</Project>